
Microsoft Visual Studio Solution File, Format Version 12.00
# Visual Studio Version 17
VisualStudioVersion = 17.3.32922.545
MinimumVisualStudioVersion = 10.0.40219.1
Project("{FAE04EC0-301F-11D3-BF4B-00C04F79EFBC}") = "Modul2", "Modul2\Modul2.csproj", "{32253C30-B490-4981-B1B2-8BD8C38EC460}"
EndProject
Global
	GlobalSection(SolutionConfigurationPlatforms) = preSolution
		Debug|Any CPU = Debug|Any CPU
		Release|Any CPU = Release|Any CPU
	EndGlobalSection
	GlobalSection(ProjectConfigurationPlatforms) = postSolution
		{32253C30-B490-4981-B1B2-8BD8C38EC460}.Debug|Any CPU.ActiveCfg = Debug|Any CPU
		{32253C30-B490-4981-B1B2-8BD8C38EC460}.Debug|Any CPU.Build.0 = Debug|Any CPU
		{32253C30-B490-4981-B1B2-8BD8C38EC460}.Release|Any CPU.ActiveCfg = Release|Any CPU
		{32253C30-B490-4981-B1B2-8BD8C38EC460}.Release|Any CPU.Build.0 = Release|Any CPU
	EndGlobalSection
	GlobalSection(SolutionProperties) = preSolution
		HideSolutionNode = FALSE
	EndGlobalSection
	GlobalSection(ExtensibilityGlobals) = postSolution
		SolutionGuid = {CF405244-2AE8-4974-BAAF-421548E3F803}
	EndGlobalSection
EndGlobal
